
Microsoft Visual Studio Solution File, Format Version 12.00
# Visual Studio Version 17
VisualStudioVersion = 17.7.34003.232
MinimumVisualStudioVersion = 10.0.40219.1
Project("{FAE04EC0-301F-11D3-BF4B-00C04F79EFBC}") = "Objects_Stretch_Zachory", "Objects_Stretch_Zachory.csproj", "{A6EDAF38-923F-4775-96B1-6809B24D4648}"
EndProject
Global
	GlobalSection(SolutionConfigurationPlatforms) = preSolution
		Debug|Any CPU = Debug|Any CPU
		Release|Any CPU = Release|Any CPU
	EndGlobalSection
	GlobalSection(ProjectConfigurationPlatforms) = postSolution
		{A6EDAF38-923F-4775-96B1-6809B24D4648}.Debug|Any CPU.ActiveCfg = Debug|Any CPU
		{A6EDAF38-923F-4775-96B1-6809B24D4648}.Debug|Any CPU.Build.0 = Debug|Any CPU
		{A6EDAF38-923F-4775-96B1-6809B24D4648}.Release|Any CPU.ActiveCfg = Release|Any CPU
		{A6EDAF38-923F-4775-96B1-6809B24D4648}.Release|Any CPU.Build.0 = Release|Any CPU
	EndGlobalSection
	GlobalSection(SolutionProperties) = preSolution
		HideSolutionNode = FALSE
	EndGlobalSection
	GlobalSection(ExtensibilityGlobals) = postSolution
		SolutionGuid = {B1CE750F-4AF2-4A61-B327-6F62DEA458E5}
	EndGlobalSection
EndGlobal
